// !$*UTF8*$!
{
	archiveVersion = 1;
	classes = {
	};
	objectVersion = 56;
	objects = {

/* Begin PBXBuildFile section */
		3B36F9772BCB944E00B48CB5 /* MainViewController.swift in Sources */ = {isa = PBXBuildFile; fileRef = 3B36F9762BCB944E00B48CB5 /* MainViewController.swift */; };
		3B36F9792BCB965800B48CB5 /* ContentView.swift in Sources */ = {isa = PBXBuildFile; fileRef = 3B36F9782BCB965800B48CB5 /* ContentView.swift */; };
		3B3C302B2BC57FEC00514E39 /* ByosyokuApp.swift in Sources */ = {isa = PBXBuildFile; fileRef = 3B3C302A2BC57FEC00514E39 /* ByosyokuApp.swift */; };
		3B3C302F2BC57FED00514E39 /* Assets.xcassets in Resources */ = {isa = PBXBuildFile; fileRef = 3B3C302E2BC57FED00514E39 /* Assets.xcassets */; };
		3B3C30322BC57FED00514E39 /* Preview Assets.xcassets in Resources */ = {isa = PBXBuildFile; fileRef = 3B3C30312BC57FED00514E39 /* Preview Assets.xcassets */; };
		3B3C303A2BC6C0C900514E39 /* EntryAuthView.swift in Sources */ = {isa = PBXBuildFile; fileRef = 3B3C30392BC6C0C900514E39 /* EntryAuthView.swift */; };
		3B3C303C2BC6C0D400514E39 /* LoginAuthView.swift in Sources */ = {isa = PBXBuildFile; fileRef = 3B3C303B2BC6C0D400514E39 /* LoginAuthView.swift */; };
		3B3C303E2BC6C0E000514E39 /* PassResetView.swift in Sources */ = {isa = PBXBuildFile; fileRef = 3B3C303D2BC6C0E000514E39 /* PassResetView.swift */; };
		3B558AB02BCA85D800C20271 /* ProductControll.swift in Sources */ = {isa = PBXBuildFile; fileRef = 3B558AAF2BCA85D800C20271 /* ProductControll.swift */; };
		3B558AB22BCA8E9800C20271 /* ProductCellView.swift in Sources */ = {isa = PBXBuildFile; fileRef = 3B558AB12BCA8E9800C20271 /* ProductCellView.swift */; };
		3B558AB62BCA91E700C20271 /* ProductRegistView.swift in Sources */ = {isa = PBXBuildFile; fileRef = 3B558AB52BCA91E700C20271 /* ProductRegistView.swift */; };
		3B558AB82BCA93BE00C20271 /* GoogleService-Info.plist in Resources */ = {isa = PBXBuildFile; fileRef = 3B558AB72BCA93BE00C20271 /* GoogleService-Info.plist */; };
		3B558ABA2BCAB7D700C20271 /* AudioViewController.swift in Sources */ = {isa = PBXBuildFile; fileRef = 3B558AB92BCAB7D700C20271 /* AudioViewController.swift */; };
		3BF1419D2BC7A54100F5AD9E /* FirebaseAnalytics in Frameworks */ = {isa = PBXBuildFile; productRef = 3BF1419C2BC7A54100F5AD9E /* FirebaseAnalytics */; };
		3BF1419F2BC7A54100F5AD9E /* FirebaseAnalyticsOnDeviceConversion in Frameworks */ = {isa = PBXBuildFile; productRef = 3BF1419E2BC7A54100F5AD9E /* FirebaseAnalyticsOnDeviceConversion */; };
		3BF141A12BC7A54100F5AD9E /* FirebaseAnalyticsSwift in Frameworks */ = {isa = PBXBuildFile; productRef = 3BF141A02BC7A54100F5AD9E /* FirebaseAnalyticsSwift */; };
		3BF141A32BC7A54100F5AD9E /* FirebaseAnalyticsWithoutAdIdSupport in Frameworks */ = {isa = PBXBuildFile; productRef = 3BF141A22BC7A54100F5AD9E /* FirebaseAnalyticsWithoutAdIdSupport */; };
		3BF141A52BC7A54100F5AD9E /* FirebaseAppCheck in Frameworks */ = {isa = PBXBuildFile; productRef = 3BF141A42BC7A54100F5AD9E /* FirebaseAppCheck */; };
		3BF141A72BC7A54100F5AD9E /* FirebaseAppDistribution-Beta in Frameworks */ = {isa = PBXBuildFile; productRef = 3BF141A62BC7A54100F5AD9E /* FirebaseAppDistribution-Beta */; };
		3BF141A92BC7A54100F5AD9E /* FirebaseAuth in Frameworks */ = {isa = PBXBuildFile; productRef = 3BF141A82BC7A54100F5AD9E /* FirebaseAuth */; };
		3BF141AB2BC7A54100F5AD9E /* FirebaseAuthCombine-Community in Frameworks */ = {isa = PBXBuildFile; productRef = 3BF141AA2BC7A54100F5AD9E /* FirebaseAuthCombine-Community */; };
		3BF141AD2BC7A54100F5AD9E /* FirebaseCrashlytics in Frameworks */ = {isa = PBXBuildFile; productRef = 3BF141AC2BC7A54100F5AD9E /* FirebaseCrashlytics */; };
		3BF141AF2BC7A54100F5AD9E /* FirebaseDatabase in Frameworks */ = {isa = PBXBuildFile; productRef = 3BF141AE2BC7A54100F5AD9E /* FirebaseDatabase */; };
		3BF141B12BC7A54100F5AD9E /* FirebaseDatabaseSwift in Frameworks */ = {isa = PBXBuildFile; productRef = 3BF141B02BC7A54100F5AD9E /* FirebaseDatabaseSwift */; };
		3BF141B32BC7A54100F5AD9E /* FirebaseDynamicLinks in Frameworks */ = {isa = PBXBuildFile; productRef = 3BF141B22BC7A54100F5AD9E /* FirebaseDynamicLinks */; };
		3BF141B52BC7A54100F5AD9E /* FirebaseFirestore in Frameworks */ = {isa = PBXBuildFile; productRef = 3BF141B42BC7A54100F5AD9E /* FirebaseFirestore */; };
		3BF141B72BC7A54100F5AD9E /* FirebaseFirestoreCombine-Community in Frameworks */ = {isa = PBXBuildFile; productRef = 3BF141B62BC7A54100F5AD9E /* FirebaseFirestoreCombine-Community */; };
/* End PBXBuildFile section */

/* Begin PBXFileReference section */
		3B36F9762BCB944E00B48CB5 /* MainViewController.swift */ = {isa = PBXFileReference; lastKnownFileType = sourcecode.swift; path = MainViewController.swift; sourceTree = "<group>"; };
		3B36F9782BCB965800B48CB5 /* ContentView.swift */ = {isa = PBXFileReference; lastKnownFileType = sourcecode.swift; path = ContentView.swift; sourceTree = "<group>"; };
		3B3C30272BC57FEC00514E39 /* Byosyoku.app */ = {isa = PBXFileReference; explicitFileType = wrapper.application; includeInIndex = 0; path = Byosyoku.app; sourceTree = BUILT_PRODUCTS_DIR; };
		3B3C302A2BC57FEC00514E39 /* ByosyokuApp.swift */ = {isa = PBXFileReference; lastKnownFileType = sourcecode.swift; path = ByosyokuApp.swift; sourceTree = "<group>"; };
		3B3C302E2BC57FED00514E39 /* Assets.xcassets */ = {isa = PBXFileReference; lastKnownFileType = folder.assetcatalog; path = Assets.xcassets; sourceTree = "<group>"; };
		3B3C30312BC57FED00514E39 /* Preview Assets.xcassets */ = {isa = PBXFileReference; lastKnownFileType = folder.assetcatalog; path = "Preview Assets.xcassets"; sourceTree = "<group>"; };
		3B3C30392BC6C0C900514E39 /* EntryAuthView.swift */ = {isa = PBXFileReference; lastKnownFileType = sourcecode.swift; path = EntryAuthView.swift; sourceTree = "<group>"; };
		3B3C303B2BC6C0D400514E39 /* LoginAuthView.swift */ = {isa = PBXFileReference; lastKnownFileType = sourcecode.swift; path = LoginAuthView.swift; sourceTree = "<group>"; };
		3B3C303D2BC6C0E000514E39 /* PassResetView.swift */ = {isa = PBXFileReference; lastKnownFileType = sourcecode.swift; path = PassResetView.swift; sourceTree = "<group>"; };
		3B558AAF2BCA85D800C20271 /* ProductControll.swift */ = {isa = PBXFileReference; lastKnownFileType = sourcecode.swift; path = ProductControll.swift; sourceTree = "<group>"; };
		3B558AB12BCA8E9800C20271 /* ProductCellView.swift */ = {isa = PBXFileReference; lastKnownFileType = sourcecode.swift; path = ProductCellView.swift; sourceTree = "<group>"; };
		3B558AB52BCA91E700C20271 /* ProductRegistView.swift */ = {isa = PBXFileReference; lastKnownFileType = sourcecode.swift; path = ProductRegistView.swift; sourceTree = "<group>"; };
		3B558AB72BCA93BE00C20271 /* GoogleService-Info.plist */ = {isa = PBXFileReference; fileEncoding = 4; lastKnownFileType = text.plist.xml; path = "GoogleService-Info.plist"; sourceTree = "<group>"; };
		3B558AB92BCAB7D700C20271 /* AudioViewController.swift */ = {isa = PBXFileReference; lastKnownFileType = sourcecode.swift; path = AudioViewController.swift; sourceTree = "<group>"; };
/* End PBXFileReference section */

/* Begin PBXFrameworksBuildPhase section */
		3B3C30242BC57FEC00514E39 /* Frameworks */ = {
			isa = PBXFrameworksBuildPhase;
			buildActionMask = 2147483647;
			files = (
				3BF141AF2BC7A54100F5AD9E /* FirebaseDatabase in Frameworks */,
				3BF141B52BC7A54100F5AD9E /* FirebaseFirestore in Frameworks */,
				3BF141A12BC7A54100F5AD9E /* FirebaseAnalyticsSwift in Frameworks */,
				3BF1419D2BC7A54100F5AD9E /* FirebaseAnalytics in Frameworks */,
				3BF1419F2BC7A54100F5AD9E /* FirebaseAnalyticsOnDeviceConversion in Frameworks */,
				3BF141A52BC7A54100F5AD9E /* FirebaseAppCheck in Frameworks */,
				3BF141A32BC7A54100F5AD9E /* FirebaseAnalyticsWithoutAdIdSupport in Frameworks */,
				3BF141A92BC7A54100F5AD9E /* FirebaseAuth in Frameworks */,
				3BF141AD2BC7A54100F5AD9E /* FirebaseCrashlytics in Frameworks */,
				3BF141B12BC7A54100F5AD9E /* FirebaseDatabaseSwift in Frameworks */,
				3BF141A72BC7A54100F5AD9E /* FirebaseAppDistribution-Beta in Frameworks */,
				3BF141AB2BC7A54100F5AD9E /* FirebaseAuthCombine-Community in Frameworks */,
				3BF141B32BC7A54100F5AD9E /* FirebaseDynamicLinks in Frameworks */,
				3BF141B72BC7A54100F5AD9E /* FirebaseFirestoreCombine-Community in Frameworks */,
			);
			runOnlyForDeploymentPostprocessing = 0;
		};
/* End PBXFrameworksBuildPhase section */

/* Begin PBXGroup section */
		3B36F97A2BCB984A00B48CB5 /* Jancode */ = {
			isa = PBXGroup;
			children = (
				3B36F9762BCB944E00B48CB5 /* MainViewController.swift */,
				3B558AB92BCAB7D700C20271 /* AudioViewController.swift */,
			);
			path = Jancode;
			sourceTree = "<group>";
		};
		3B3C301E2BC57FEC00514E39 = {
			isa = PBXGroup;
			children = (
				3B3C30292BC57FEC00514E39 /* Byosyoku */,
				3B3C30282BC57FEC00514E39 /* Products */,
			);
			sourceTree = "<group>";
		};
		3B3C30282BC57FEC00514E39 /* Products */ = {
			isa = PBXGroup;
			children = (
				3B3C30272BC57FEC00514E39 /* Byosyoku.app */,
			);
			name = Products;
			sourceTree = "<group>";
		};
		3B3C30292BC57FEC00514E39 /* Byosyoku */ = {
			isa = PBXGroup;
			children = (
				3B558AB72BCA93BE00C20271 /* GoogleService-Info.plist */,
				3B3C302A2BC57FEC00514E39 /* ByosyokuApp.swift */,
				3B558AB32BCA8EB500C20271 /* Controller */,
				3B3C30382BC6C09B00514E39 /* Screen */,
				3B3C302E2BC57FED00514E39 /* Assets.xcassets */,
				3B3C30302BC57FED00514E39 /* Preview Content */,
			);
			path = Byosyoku;
			sourceTree = "<group>";
		};
		3B3C30302BC57FED00514E39 /* Preview Content */ = {
			isa = PBXGroup;
			children = (
				3B3C30312BC57FED00514E39 /* Preview Assets.xcassets */,
			);
			path = "Preview Content";
			sourceTree = "<group>";
		};
		3B3C30382BC6C09B00514E39 /* Screen */ = {
			isa = PBXGroup;
			children = (
				3B558AB42BCA919B00C20271 /* Login */,
				3B558AB12BCA8E9800C20271 /* ProductCellView.swift */,
				3B36F9782BCB965800B48CB5 /* ContentView.swift */,
				3B558AB52BCA91E700C20271 /* ProductRegistView.swift */,
			);
			path = Screen;
			sourceTree = "<group>";
		};
		3B558AB32BCA8EB500C20271 /* Controller */ = {
			isa = PBXGroup;
			children = (
				3B558AAF2BCA85D800C20271 /* ProductControll.swift */,
				3B36F97A2BCB984A00B48CB5 /* Jancode */,
			);
			path = Controller;
			sourceTree = "<group>";
		};
		3B558AB42BCA919B00C20271 /* Login */ = {
			isa = PBXGroup;
			children = (
				3B3C30392BC6C0C900514E39 /* EntryAuthView.swift */,
				3B3C303D2BC6C0E000514E39 /* PassResetView.swift */,
				3B3C303B2BC6C0D400514E39 /* LoginAuthView.swift */,
			);
			path = Login;
			sourceTree = "<group>";
		};
/* End PBXGroup section */

/* Begin PBXNativeTarget section */
		3B3C30262BC57FEC00514E39 /* Byosyoku */ = {
			isa = PBXNativeTarget;
			buildConfigurationList = 3B3C30352BC57FED00514E39 /* Build configuration list for PBXNativeTarget "Byosyoku" */;
			buildPhases = (
				3B3C30232BC57FEC00514E39 /* Sources */,
				3B3C30242BC57FEC00514E39 /* Frameworks */,
				3B3C30252BC57FEC00514E39 /* Resources */,
			);
			buildRules = (
			);
			dependencies = (
			);
			name = Byosyoku;
			packageProductDependencies = (
				3BF1419C2BC7A54100F5AD9E /* FirebaseAnalytics */,
				3BF1419E2BC7A54100F5AD9E /* FirebaseAnalyticsOnDeviceConversion */,
				3BF141A02BC7A54100F5AD9E /* FirebaseAnalyticsSwift */,
				3BF141A22BC7A54100F5AD9E /* FirebaseAnalyticsWithoutAdIdSupport */,
				3BF141A42BC7A54100F5AD9E /* FirebaseAppCheck */,
				3BF141A62BC7A54100F5AD9E /* FirebaseAppDistribution-Beta */,
				3BF141A82BC7A54100F5AD9E /* FirebaseAuth */,
				3BF141AA2BC7A54100F5AD9E /* FirebaseAuthCombine-Community */,
				3BF141AC2BC7A54100F5AD9E /* FirebaseCrashlytics */,
				3BF141AE2BC7A54100F5AD9E /* FirebaseDatabase */,
				3BF141B02BC7A54100F5AD9E /* FirebaseDatabaseSwift */,
				3BF141B22BC7A54100F5AD9E /* FirebaseDynamicLinks */,
				3BF141B42BC7A54100F5AD9E /* FirebaseFirestore */,
				3BF141B62BC7A54100F5AD9E /* FirebaseFirestoreCombine-Community */,
			);
			productName = Byosyoku;
			productReference = 3B3C30272BC57FEC00514E39 /* Byosyoku.app */;
			productType = "com.apple.product-type.application";
		};
/* End PBXNativeTarget section */

/* Begin PBXProject section */
		3B3C301F2BC57FEC00514E39 /* Project object */ = {
			isa = PBXProject;
			attributes = {
				BuildIndependentTargetsInParallel = 1;
				LastSwiftUpdateCheck = 1500;
				LastUpgradeCheck = 1500;
				TargetAttributes = {
					3B3C30262BC57FEC00514E39 = {
						CreatedOnToolsVersion = 15.0.1;
					};
				};
			};
			buildConfigurationList = 3B3C30222BC57FEC00514E39 /* Build configuration list for PBXProject "Byosyoku" */;
			compatibilityVersion = "Xcode 14.0";
			developmentRegion = en;
			hasScannedForEncodings = 0;
			knownRegions = (
				en,
				Base,
			);
			mainGroup = 3B3C301E2BC57FEC00514E39;
			packageReferences = (
				3BF1419B2BC7A54100F5AD9E /* XCRemoteSwiftPackageReference "firebase-ios-sdk" */,
			);
			productRefGroup = 3B3C30282BC57FEC00514E39 /* Products */;
			projectDirPath = "";
			projectRoot = "";
			targets = (
				3B3C30262BC57FEC00514E39 /* Byosyoku */,
			);
		};
/* End PBXProject section */

/* Begin PBXResourcesBuildPhase section */
		3B3C30252BC57FEC00514E39 /* Resources */ = {
			isa = PBXResourcesBuildPhase;
			buildActionMask = 2147483647;
			files = (
				3B3C30322BC57FED00514E39 /* Preview Assets.xcassets in Resources */,
				3B558AB82BCA93BE00C20271 /* GoogleService-Info.plist in Resources */,
				3B3C302F2BC57FED00514E39 /* Assets.xcassets in Resources */,
			);
			runOnlyForDeploymentPostprocessing = 0;
		};
/* End PBXResourcesBuildPhase section */

/* Begin PBXSourcesBuildPhase section */
		3B3C30232BC57FEC00514E39 /* Sources */ = {
			isa = PBXSourcesBuildPhase;
			buildActionMask = 2147483647;
			files = (
				3B3C303A2BC6C0C900514E39 /* EntryAuthView.swift in Sources */,
				3B3C303E2BC6C0E000514E39 /* PassResetView.swift in Sources */,
				3B3C303C2BC6C0D400514E39 /* LoginAuthView.swift in Sources */,
				3B3C302B2BC57FEC00514E39 /* ByosyokuApp.swift in Sources */,
				3B558AB22BCA8E9800C20271 /* ProductCellView.swift in Sources */,
				3B558ABA2BCAB7D700C20271 /* AudioViewController.swift in Sources */,
				3B36F9792BCB965800B48CB5 /* ContentView.swift in Sources */,
				3B36F9772BCB944E00B48CB5 /* MainViewController.swift in Sources */,
				3B558AB62BCA91E700C20271 /* ProductRegistView.swift in Sources */,
				3B558AB02BCA85D800C20271 /* ProductControll.swift in Sources */,
			);
			runOnlyForDeploymentPostprocessing = 0;
		};
/* End PBXSourcesBuildPhase section */

/* Begin XCBuildConfiguration section */
		3B3C30332BC57FED00514E39 /* Debug */ = {
			isa = XCBuildConfiguration;
			buildSettings = {
				ALWAYS_SEARCH_USER_PATHS = NO;
				ASSETCATALOG_COMPILER_GENERATE_SWIFT_ASSET_SYMBOL_EXTENSIONS = YES;
				CLANG_ANALYZER_NONNULL = YES;
				CLANG_ANALYZER_NUMBER_OBJECT_CONVERSION = YES_AGGRESSIVE;
				CLANG_CXX_LANGUAGE_STANDARD = "gnu++20";
				CLANG_ENABLE_MODULES = YES;
				CLANG_ENABLE_OBJC_ARC = YES;
				CLANG_ENABLE_OBJC_WEAK = YES;
				CLANG_WARN_BLOCK_CAPTURE_AUTORELEASING = YES;
				CLANG_WARN_BOOL_CONVERSION = YES;
				CLANG_WARN_COMMA = YES;
				CLANG_WARN_CONSTANT_CONVERSION = YES;
				CLANG_WARN_DEPRECATED_OBJC_IMPLEMENTATIONS = YES;
				CLANG_WARN_DIRECT_OBJC_ISA_USAGE = YES_ERROR;
				CLANG_WARN_DOCUMENTATION_COMMENTS = YES;
				CLANG_WARN_EMPTY_BODY = YES;
				CLANG_WARN_ENUM_CONVERSION = YES;
				CLANG_WARN_INFINITE_RECURSION = YES;
				CLANG_WARN_INT_CONVERSION = YES;
				CLANG_WARN_NON_LITERAL_NULL_CONVERSION = YES;
				CLANG_WARN_OBJC_IMPLICIT_RETAIN_SELF = YES;
				CLANG_WARN_OBJC_LITERAL_CONVERSION = YES;
				CLANG_WARN_OBJC_ROOT_CLASS = YES_ERROR;
				CLANG_WARN_QUOTED_INCLUDE_IN_FRAMEWORK_HEADER = YES;
				CLANG_WARN_RANGE_LOOP_ANALYSIS = YES;
				CLANG_WARN_STRICT_PROTOTYPES = YES;
				CLANG_WARN_SUSPICIOUS_MOVE = YES;
				CLANG_WARN_UNGUARDED_AVAILABILITY = YES_AGGRESSIVE;
				CLANG_WARN_UNREACHABLE_CODE = YES;
				CLANG_WARN__DUPLICATE_METHOD_MATCH = YES;
				COPY_PHASE_STRIP = NO;
				DEBUG_INFORMATION_FORMAT = dwarf;
				ENABLE_STRICT_OBJC_MSGSEND = YES;
				ENABLE_TESTABILITY = YES;
				ENABLE_USER_SCRIPT_SANDBOXING = YES;
				GCC_C_LANGUAGE_STANDARD = gnu17;
				GCC_DYNAMIC_NO_PIC = NO;
				GCC_NO_COMMON_BLOCKS = YES;
				GCC_OPTIMIZATION_LEVEL = 0;
				GCC_PREPROCESSOR_DEFINITIONS = (
					"DEBUG=1",
					"$(inherited)",
				);
				GCC_WARN_64_TO_32_BIT_CONVERSION = YES;
				GCC_WARN_ABOUT_RETURN_TYPE = YES_ERROR;
				GCC_WARN_UNDECLARED_SELECTOR = YES;
				GCC_WARN_UNINITIALIZED_AUTOS = YES_AGGRESSIVE;
				GCC_WARN_UNUSED_FUNCTION = YES;
				GCC_WARN_UNUSED_VARIABLE = YES;
				IPHONEOS_DEPLOYMENT_TARGET = 17.0;
				LOCALIZATION_PREFERS_STRING_CATALOGS = YES;
				MTL_ENABLE_DEBUG_INFO = INCLUDE_SOURCE;
				MTL_FAST_MATH = YES;
				ONLY_ACTIVE_ARCH = YES;
				SDKROOT = iphoneos;
				SWIFT_ACTIVE_COMPILATION_CONDITIONS = "DEBUG $(inherited)";
				SWIFT_OPTIMIZATION_LEVEL = "-Onone";
			};
			name = Debug;
		};
		3B3C30342BC57FED00514E39 /* Release */ = {
			isa = XCBuildConfiguration;
			buildSettings = {
				ALWAYS_SEARCH_USER_PATHS = NO;
				ASSETCATALOG_COMPILER_GENERATE_SWIFT_ASSET_SYMBOL_EXTENSIONS = YES;
				CLANG_ANALYZER_NONNULL = YES;
				CLANG_ANALYZER_NUMBER_OBJECT_CONVERSION = YES_AGGRESSIVE;
				CLANG_CXX_LANGUAGE_STANDARD = "gnu++20";
				CLANG_ENABLE_MODULES = YES;
				CLANG_ENABLE_OBJC_ARC = YES;
				CLANG_ENABLE_OBJC_WEAK = YES;
				CLANG_WARN_BLOCK_CAPTURE_AUTORELEASING = YES;
				CLANG_WARN_BOOL_CONVERSION = YES;
				CLANG_WARN_COMMA = YES;
				CLANG_WARN_CONSTANT_CONVERSION = YES;
				CLANG_WARN_DEPRECATED_OBJC_IMPLEMENTATIONS = YES;
				CLANG_WARN_DIRECT_OBJC_ISA_USAGE = YES_ERROR;
				CLANG_WARN_DOCUMENTATION_COMMENTS = YES;
				CLANG_WARN_EMPTY_BODY = YES;
				CLANG_WARN_ENUM_CONVERSION = YES;
				CLANG_WARN_INFINITE_RECURSION = YES;
				CLANG_WARN_INT_CONVERSION = YES;
				CLANG_WARN_NON_LITERAL_NULL_CONVERSION = YES;
				CLANG_WARN_OBJC_IMPLICIT_RETAIN_SELF = YES;
				CLANG_WARN_OBJC_LITERAL_CONVERSION = YES;
				CLANG_WARN_OBJC_ROOT_CLASS = YES_ERROR;
				CLANG_WARN_QUOTED_INCLUDE_IN_FRAMEWORK_HEADER = YES;
				CLANG_WARN_RANGE_LOOP_ANALYSIS = YES;
				CLANG_WARN_STRICT_PROTOTYPES = YES;
				CLANG_WARN_SUSPICIOUS_MOVE = YES;
				CLANG_WARN_UNGUARDED_AVAILABILITY = YES_AGGRESSIVE;
				CLANG_WARN_UNREACHABLE_CODE = YES;
				CLANG_WARN__DUPLICATE_METHOD_MATCH = YES;
				COPY_PHASE_STRIP = NO;
				DEBUG_INFORMATION_FORMAT = "dwarf-with-dsym";
				ENABLE_NS_ASSERTIONS = NO;
				ENABLE_STRICT_OBJC_MSGSEND = YES;
				ENABLE_USER_SCRIPT_SANDBOXING = YES;
				GCC_C_LANGUAGE_STANDARD = gnu17;
				GCC_NO_COMMON_BLOCKS = YES;
				GCC_WARN_64_TO_32_BIT_CONVERSION = YES;
				GCC_WARN_ABOUT_RETURN_TYPE = YES_ERROR;
				GCC_WARN_UNDECLARED_SELECTOR = YES;
				GCC_WARN_UNINITIALIZED_AUTOS = YES_AGGRESSIVE;
				GCC_WARN_UNUSED_FUNCTION = YES;
				GCC_WARN_UNUSED_VARIABLE = YES;
				IPHONEOS_DEPLOYMENT_TARGET = 17.0;
				LOCALIZATION_PREFERS_STRING_CATALOGS = YES;
				MTL_ENABLE_DEBUG_INFO = NO;
				MTL_FAST_MATH = YES;
				SDKROOT = iphoneos;
				SWIFT_COMPILATION_MODE = wholemodule;
				VALIDATE_PRODUCT = YES;
			};
			name = Release;
		};
		3B3C30362BC57FED00514E39 /* Debug */ = {
			isa = XCBuildConfiguration;
			buildSettings = {
				ASSETCATALOG_COMPILER_APPICON_NAME = AppIcon;
				ASSETCATALOG_COMPILER_GLOBAL_ACCENT_COLOR_NAME = AccentColor;
				CODE_SIGN_STYLE = Automatic;
				CURRENT_PROJECT_VERSION = 1;
				DEVELOPMENT_ASSET_PATHS = "\"Byosyoku/Preview Content\"";
				DEVELOPMENT_TEAM = 922N7TF68N;
				ENABLE_PREVIEWS = YES;
				GENERATE_INFOPLIST_FILE = YES;
				INFOPLIST_KEY_NSCameraUsageDescription = "アプリ内からカメラ使用して写真を撮影するため";
				INFOPLIST_KEY_NSPhotoLibraryUsageDescription = "カメラロールを利用するため";
				INFOPLIST_KEY_UIApplicationSceneManifest_Generation = YES;
				INFOPLIST_KEY_UIApplicationSupportsIndirectInputEvents = YES;
				INFOPLIST_KEY_UILaunchScreen_Generation = YES;
				INFOPLIST_KEY_UISupportedInterfaceOrientations_iPad = "UIInterfaceOrientationPortrait UIInterfaceOrientationPortraitUpsideDown UIInterfaceOrientationLandscapeLeft UIInterfaceOrientationLandscapeRight";
				INFOPLIST_KEY_UISupportedInterfaceOrientations_iPhone = "UIInterfaceOrientationPortrait UIInterfaceOrientationLandscapeLeft UIInterfaceOrientationLandscapeRight";
				LD_RUNPATH_SEARCH_PATHS = (
					"$(inherited)",
					"@executable_path/Frameworks",
				);
				MARKETING_VERSION = 1.0;
				PRODUCT_BUNDLE_IDENTIFIER = com.erichan.Byosyoku;
				PRODUCT_NAME = "$(TARGET_NAME)";
				SWIFT_EMIT_LOC_STRINGS = YES;
				SWIFT_VERSION = 5.0;
				TARGETED_DEVICE_FAMILY = "1,2";
			};
			name = Debug;
		};
		3B3C30372BC57FED00514E39 /* Release */ = {
			isa = XCBuildConfiguration;
			buildSettings = {
				ASSETCATALOG_COMPILER_APPICON_NAME = AppIcon;
				ASSETCATALOG_COMPILER_GLOBAL_ACCENT_COLOR_NAME = AccentColor;
				CODE_SIGN_STYLE = Automatic;
				CURRENT_PROJECT_VERSION = 1;
				DEVELOPMENT_ASSET_PATHS = "\"Byosyoku/Preview Content\"";
				DEVELOPMENT_TEAM = 922N7TF68N;
				ENABLE_PREVIEWS = YES;
				GENERATE_INFOPLIST_FILE = YES;
				INFOPLIST_KEY_NSCameraUsageDescription = "アプリ内からカメラ使用して写真を撮影するため";
				INFOPLIST_KEY_NSPhotoLibraryUsageDescription = "カメラロールを利用するため";
				INFOPLIST_KEY_UIApplicationSceneManifest_Generation = YES;
				INFOPLIST_KEY_UIApplicationSupportsIndirectInputEvents = YES;
				INFOPLIST_KEY_UILaunchScreen_Generation = YES;
				INFOPLIST_KEY_UISupportedInterfaceOrientations_iPad = "UIInterfaceOrientationPortrait UIInterfaceOrientationPortraitUpsideDown UIInterfaceOrientationLandscapeLeft UIInterfaceOrientationLandscapeRight";
				INFOPLIST_KEY_UISupportedInterfaceOrientations_iPhone = "UIInterfaceOrientationPortrait UIInterfaceOrientationLandscapeLeft UIInterfaceOrientationLandscapeRight";
				LD_RUNPATH_SEARCH_PATHS = (
					"$(inherited)",
					"@executable_path/Frameworks",
				);
				MARKETING_VERSION = 1.0;
				PRODUCT_BUNDLE_IDENTIFIER = com.erichan.Byosyoku;
				PRODUCT_NAME = "$(TARGET_NAME)";
				SWIFT_EMIT_LOC_STRINGS = YES;
				SWIFT_VERSION = 5.0;
				TARGETED_DEVICE_FAMILY = "1,2";
			};
			name = Release;
		};
/* End XCBuildConfiguration section */

/* Begin XCConfigurationList section */
		3B3C30222BC57FEC00514E39 /* Build configuration list for PBXProject "Byosyoku" */ = {
			isa = XCConfigurationList;
			buildConfigurations = (
				3B3C30332BC57FED00514E39 /* Debug */,
				3B3C30342BC57FED00514E39 /* Release */,
			);
			defaultConfigurationIsVisible = 0;
			defaultConfigurationName = Release;
		};
		3B3C30352BC57FED00514E39 /* Build configuration list for PBXNativeTarget "Byosyoku" */ = {
			isa = XCConfigurationList;
			buildConfigurations = (
				3B3C30362BC57FED00514E39 /* Debug */,
				3B3C30372BC57FED00514E39 /* Release */,
			);
			defaultConfigurationIsVisible = 0;
			defaultConfigurationName = Release;
		};
/* End XCConfigurationList section */

/* Begin XCRemoteSwiftPackageReference section */
		3BF1419B2BC7A54100F5AD9E /* XCRemoteSwiftPackageReference "firebase-ios-sdk" */ = {
			isa = XCRemoteSwiftPackageReference;
			repositoryURL = "https://github.com/firebase/firebase-ios-sdk";
			requirement = {
				kind = upToNextMajorVersion;
				minimumVersion = 10.24.0;
			};
		};
/* End XCRemoteSwiftPackageReference section */

/* Begin XCSwiftPackageProductDependency section */
		3BF1419C2BC7A54100F5AD9E /* FirebaseAnalytics */ = {
			isa = XCSwiftPackageProductDependency;
			package = 3BF1419B2BC7A54100F5AD9E /* XCRemoteSwiftPackageReference "firebase-ios-sdk" */;
			productName = FirebaseAnalytics;
		};
		3BF1419E2BC7A54100F5AD9E /* FirebaseAnalyticsOnDeviceConversion */ = {
			isa = XCSwiftPackageProductDependency;
			package = 3BF1419B2BC7A54100F5AD9E /* XCRemoteSwiftPackageReference "firebase-ios-sdk" */;
			productName = FirebaseAnalyticsOnDeviceConversion;
		};
		3BF141A02BC7A54100F5AD9E /* FirebaseAnalyticsSwift */ = {
			isa = XCSwiftPackageProductDependency;
			package = 3BF1419B2BC7A54100F5AD9E /* XCRemoteSwiftPackageReference "firebase-ios-sdk" */;
			productName = FirebaseAnalyticsSwift;
		};
		3BF141A22BC7A54100F5AD9E /* FirebaseAnalyticsWithoutAdIdSupport */ = {
			isa = XCSwiftPackageProductDependency;
			package = 3BF1419B2BC7A54100F5AD9E /* XCRemoteSwiftPackageReference "firebase-ios-sdk" */;
			productName = FirebaseAnalyticsWithoutAdIdSupport;
		};
		3BF141A42BC7A54100F5AD9E /* FirebaseAppCheck */ = {
			isa = XCSwiftPackageProductDependency;
			package = 3BF1419B2BC7A54100F5AD9E /* XCRemoteSwiftPackageReference "firebase-ios-sdk" */;
			productName = FirebaseAppCheck;
		};
		3BF141A62BC7A54100F5AD9E /* FirebaseAppDistribution-Beta */ = {
			isa = XCSwiftPackageProductDependency;
			package = 3BF1419B2BC7A54100F5AD9E /* XCRemoteSwiftPackageReference "firebase-ios-sdk" */;
			productName = "FirebaseAppDistribution-Beta";
		};
		3BF141A82BC7A54100F5AD9E /* FirebaseAuth */ = {
			isa = XCSwiftPackageProductDependency;
			package = 3BF1419B2BC7A54100F5AD9E /* XCRemoteSwiftPackageReference "firebase-ios-sdk" */;
			productName = FirebaseAuth;
		};
		3BF141AA2BC7A54100F5AD9E /* FirebaseAuthCombine-Community */ = {
			isa = XCSwiftPackageProductDependency;
			package = 3BF1419B2BC7A54100F5AD9E /* XCRemoteSwiftPackageReference "firebase-ios-sdk" */;
			productName = "FirebaseAuthCombine-Community";
		};
		3BF141AC2BC7A54100F5AD9E /* FirebaseCrashlytics */ = {
			isa = XCSwiftPackageProductDependency;
			package = 3BF1419B2BC7A54100F5AD9E /* XCRemoteSwiftPackageReference "firebase-ios-sdk" */;
			productName = FirebaseCrashlytics;
		};
		3BF141AE2BC7A54100F5AD9E /* FirebaseDatabase */ = {
			isa = XCSwiftPackageProductDependency;
			package = 3BF1419B2BC7A54100F5AD9E /* XCRemoteSwiftPackageReference "firebase-ios-sdk" */;
			productName = FirebaseDatabase;
		};
		3BF141B02BC7A54100F5AD9E /* FirebaseDatabaseSwift */ = {
			isa = XCSwiftPackageProductDependency;
			package = 3BF1419B2BC7A54100F5AD9E /* XCRemoteSwiftPackageReference "firebase-ios-sdk" */;
			productName = FirebaseDatabaseSwift;
		};
		3BF141B22BC7A54100F5AD9E /* FirebaseDynamicLinks */ = {
			isa = XCSwiftPackageProductDependency;
			package = 3BF1419B2BC7A54100F5AD9E /* XCRemoteSwiftPackageReference "firebase-ios-sdk" */;
			productName = FirebaseDynamicLinks;
		};
		3BF141B42BC7A54100F5AD9E /* FirebaseFirestore */ = {
			isa = XCSwiftPackageProductDependency;
			package = 3BF1419B2BC7A54100F5AD9E /* XCRemoteSwiftPackageReference "firebase-ios-sdk" */;
			productName = FirebaseFirestore;
		};
		3BF141B62BC7A54100F5AD9E /* FirebaseFirestoreCombine-Community */ = {
			isa = XCSwiftPackageProductDependency;
			package = 3BF1419B2BC7A54100F5AD9E /* XCRemoteSwiftPackageReference "firebase-ios-sdk" */;
			productName = "FirebaseFirestoreCombine-Community";
		};
/* End XCSwiftPackageProductDependency section */
	};
	rootObject = 3B3C301F2BC57FEC00514E39 /* Project object */;
}
